%{
  "ace": {:hex, :ace, "0.18.8", "9853110247f769e7d1600be7cd2abd638b53391c8c7b1ab11baad15184cb95d4", [:mix], [{:hpack, "~> 0.2.3", [hex: :hpack_erl, repo: "hexpm", optional: false]}, {:raxx, "~> 0.17.0 or ~> 0.18.0 or ~> 1.0", [hex: :raxx, repo: "hexpm", optional: false]}], "hexpm"},
  "artificery": {:hex, :artificery, "0.4.1", "90b1fcedb9034853b36dbea2174f9fc1172bd50b0686a723178103def5c9c1c8", [:mix], [], "hexpm"},
  "connection": {:hex, :connection, "1.0.4", "a1cae72211f0eef17705aaededacac3eb30e6625b04a6117c1b2db6ace7d5976", [:mix], [], "hexpm"},
  "db_connection": {:hex, :db_connection, "2.0.6", "bde2f85d047969c5b5800cb8f4b3ed6316c8cb11487afedac4aa5f93fd39abfa", [:mix], [{:connection, "~> 1.0.2", [hex: :connection, repo: "hexpm", optional: false]}], "hexpm"},
  "decimal": {:hex, :decimal, "1.7.0", "30d6b52c88541f9a66637359ddf85016df9eb266170d53105f02e4a67e00c5aa", [:mix], [], "hexpm"},
  "distillery": {:hex, :distillery, "2.0.12", "6e78fe042df82610ac3fa50bd7d2d8190ad287d120d3cd1682d83a44e8b34dfb", [:mix], [{:artificery, "~> 0.2", [hex: :artificery, repo: "hexpm", optional: false]}], "hexpm"},
  "ecto": {:hex, :ecto, "3.0.9", "f01922a0b91a41d764d4e3a914d7f058d99a03460d3082c61dd2dcadd724c934", [:mix], [{:decimal, "~> 1.6", [hex: :decimal, repo: "hexpm", optional: false]}, {:jason, "~> 1.0", [hex: :jason, repo: "hexpm", optional: true]}, {:poison, "~> 2.2 or ~> 3.0", [hex: :poison, repo: "hexpm", optional: true]}], "hexpm"},
  "ecto_sql": {:hex, :ecto_sql, "3.0.5", "7e44172b4f7aca4469f38d7f6a3da394dbf43a1bcf0ca975e958cb957becd74e", [:mix], [{:db_connection, "~> 2.0", [hex: :db_connection, repo: "hexpm", optional: false]}, {:ecto, "~> 3.0.6", [hex: :ecto, repo: "hexpm", optional: false]}, {:mariaex, "~> 0.9.1", [hex: :mariaex, repo: "hexpm", optional: true]}, {:postgrex, "~> 0.14.0", [hex: :postgrex, repo: "hexpm", optional: true]}, {:telemetry, "~> 0.3.0", [hex: :telemetry, repo: "hexpm", optional: false]}], "hexpm"},
  "hoplon": {:git, "https://github.com/nietaki/hoplon.git", "67af34f475e44a8a3c6b4f634266f14f9cb336d7", []},
  "hpack": {:hex, :hpack_erl, "0.2.3", "17670f83ff984ae6cd74b1c456edde906d27ff013740ee4d9efaa4f1bf999633", [:rebar3], [], "hexpm"},
  "jason": {:hex, :jason, "1.1.2", "b03dedea67a99223a2eaf9f1264ce37154564de899fd3d8b9a21b1a6fd64afe7", [:mix], [{:decimal, "~> 1.0", [hex: :decimal, repo: "hexpm", optional: true]}], "hexpm"},
  "postgrex": {:hex, :postgrex, "0.14.2", "6680591bbce28d92f043249205e8b01b36cab9ef2a7911abc43649242e1a3b78", [:mix], [{:connection, "~> 1.0", [hex: :connection, repo: "hexpm", optional: false]}, {:db_connection, "~> 2.0", [hex: :db_connection, repo: "hexpm", optional: false]}, {:decimal, "~> 1.5", [hex: :decimal, repo: "hexpm", optional: false]}, {:jason, "~> 1.0", [hex: :jason, repo: "hexpm", optional: true]}], "hexpm"},
  "raxx": {:hex, :raxx, "1.0.1", "8c51ec5227c85f999360fc844fc1d4e2e5a2adf2b0ce068eb56243ee6b2f65e3", [:mix], [], "hexpm"},
  "raxx_logger": {:hex, :raxx_logger, "0.2.2", "51bbce9371298e7329de028fe13cf050bf59547bc8f1926910d479ba4b31c4b4", [:mix], [{:raxx, "~> 0.17.5 or ~> 0.18.0 or ~> 1.0", [hex: :raxx, repo: "hexpm", optional: false]}], "hexpm"},
  "telemetry": {:hex, :telemetry, "0.3.0", "099a7f3ce31e4780f971b4630a3c22ec66d22208bc090fe33a2a3a6a67754a73", [:rebar3], [], "hexpm"},
}
